
Microsoft Visual Studio Solution File, Format Version 12.00
# Visual Studio Version 17
VisualStudioVersion = 17.3.32811.315
MinimumVisualStudioVersion = 10.0.40219.1
Project("{8BC9CEB8-8B4A-11D0-8D11-00A0C91BC942}") = "TicTacToe", "TicTacToe\TicTacToe.vcxproj", "{5084B8BD-EEC5-4402-83F1-5DBBAE1BF0A7}"
EndProject
Global
	GlobalSection(SolutionConfigurationPlatforms) = preSolution
		Debug|x64 = Debug|x64
		Debug|x86 = Debug|x86
		Release|x64 = Release|x64
		Release|x86 = Release|x86
	EndGlobalSection
	GlobalSection(ProjectConfigurationPlatforms) = postSolution
		{5084B8BD-EEC5-4402-83F1-5DBBAE1BF0A7}.Debug|x64.ActiveCfg = Debug|x64
		{5084B8BD-EEC5-4402-83F1-5DBBAE1BF0A7}.Debug|x64.Build.0 = Debug|x64
		{5084B8BD-EEC5-4402-83F1-5DBBAE1BF0A7}.Debug|x86.ActiveCfg = Debug|Win32
		{5084B8BD-EEC5-4402-83F1-5DBBAE1BF0A7}.Debug|x86.Build.0 = Debug|Win32
		{5084B8BD-EEC5-4402-83F1-5DBBAE1BF0A7}.Release|x64.ActiveCfg = Release|x64
		{5084B8BD-EEC5-4402-83F1-5DBBAE1BF0A7}.Release|x64.Build.0 = Release|x64
		{5084B8BD-EEC5-4402-83F1-5DBBAE1BF0A7}.Release|x86.ActiveCfg = Release|Win32
		{5084B8BD-EEC5-4402-83F1-5DBBAE1BF0A7}.Release|x86.Build.0 = Release|Win32
	EndGlobalSection
	GlobalSection(SolutionProperties) = preSolution
		HideSolutionNode = FALSE
	EndGlobalSection
	GlobalSection(ExtensibilityGlobals) = postSolution
		SolutionGuid = {95ADC1AF-2DEB-46C6-B0CD-157A4CCD8C0D}
	EndGlobalSection
EndGlobal
